
Microsoft Visual Studio Solution File, Format Version 12.00
# Visual Studio Version 17
VisualStudioVersion = 17.2.32616.157
MinimumVisualStudioVersion = 10.0.40219.1
Project("{FAE04EC0-301F-11D3-BF4B-00C04F79EFBC}") = "Tek Çift Sayı", "Tek Çift Sayı\Tek Çift Sayı.csproj", "{88D704EE-5B25-4C0E-A80D-AAD551CD1900}"
EndProject
Global
	GlobalSection(SolutionConfigurationPlatforms) = preSolution
		Debug|Any CPU = Debug|Any CPU
		Release|Any CPU = Release|Any CPU
	EndGlobalSection
	GlobalSection(ProjectConfigurationPlatforms) = postSolution
		{88D704EE-5B25-4C0E-A80D-AAD551CD1900}.Debug|Any CPU.ActiveCfg = Debug|Any CPU
		{88D704EE-5B25-4C0E-A80D-AAD551CD1900}.Debug|Any CPU.Build.0 = Debug|Any CPU
		{88D704EE-5B25-4C0E-A80D-AAD551CD1900}.Release|Any CPU.ActiveCfg = Release|Any CPU
		{88D704EE-5B25-4C0E-A80D-AAD551CD1900}.Release|Any CPU.Build.0 = Release|Any CPU
	EndGlobalSection
	GlobalSection(SolutionProperties) = preSolution
		HideSolutionNode = FALSE
	EndGlobalSection
	GlobalSection(ExtensibilityGlobals) = postSolution
		SolutionGuid = {23DA84CF-BF79-462B-86A6-C10669F08729}
	EndGlobalSection
EndGlobal
